// !$*UTF8*$!
{
	archiveVersion = 1;
	classes = {
	};
	objectVersion = 55;
	objects = {

/* Begin PBXBuildFile section */
		8E14E58427F39E3B00774ABE /* LocationCell.swift in Sources */ = {isa = PBXBuildFile; fileRef = 8E14E58327F39E3B00774ABE /* LocationCell.swift */; };
		8E14E58C27F3A00B00774ABE /* AvatarView.swift in Sources */ = {isa = PBXBuildFile; fileRef = 8E14E58B27F3A00B00774ABE /* AvatarView.swift */; };
		8E14E59027F3A0A000774ABE /* Custommodifiers.swift in Sources */ = {isa = PBXBuildFile; fileRef = 8E14E58F27F3A0A000774ABE /* Custommodifiers.swift */; };
		8E14E59227F3A0D000774ABE /* View+Ext.swift in Sources */ = {isa = PBXBuildFile; fileRef = 8E14E59127F3A0D000774ABE /* View+Ext.swift */; };
		8E14E59727F43DA900774ABE /* SubmitButton.swift in Sources */ = {isa = PBXBuildFile; fileRef = 8E14E59627F43DA900774ABE /* SubmitButton.swift */; };
		8E14E59E27F44A2600774ABE /* PVProfile.swift in Sources */ = {isa = PBXBuildFile; fileRef = 8E14E59D27F44A2600774ABE /* PVProfile.swift */; };
		8E14E5A027F44BDD00774ABE /* MockData.swift in Sources */ = {isa = PBXBuildFile; fileRef = 8E14E59F27F44BDD00774ABE /* MockData.swift */; };
		8E14E5A327F450C800774ABE /* CloudKitManager.swift in Sources */ = {isa = PBXBuildFile; fileRef = 8E14E5A227F450C800774ABE /* CloudKitManager.swift */; };
		8E14E5A527F4516C00774ABE /* Constants.swift in Sources */ = {isa = PBXBuildFile; fileRef = 8E14E5A427F4516C00774ABE /* Constants.swift */; };
		8E3982DF27FEC2B800F9897B /* ProfileViewModel.swift in Sources */ = {isa = PBXBuildFile; fileRef = 8E3982DE27FEC2B800F9897B /* ProfileViewModel.swift */; };
		8E7035BA28006E4F008BE966 /* LoadingView.swift in Sources */ = {isa = PBXBuildFile; fileRef = 8E7035B928006E4F008BE966 /* LoadingView.swift */; };
		8E7035C028009B31008BE966 /* LocationDetailViewModel.swift in Sources */ = {isa = PBXBuildFile; fileRef = 8E7035BF28009B31008BE966 /* LocationDetailViewModel.swift */; };
		8E9C8F3327F6F14200A313CB /* LocationManager.swift in Sources */ = {isa = PBXBuildFile; fileRef = 8E9C8F3227F6F14200A313CB /* LocationManager.swift */; };
		8E9C8F3527F6F93C00A313CB /* CKAsset+Ext.swift in Sources */ = {isa = PBXBuildFile; fileRef = 8E9C8F3427F6F93C00A313CB /* CKAsset+Ext.swift */; };
		8E9C8F3727F70FA100A313CB /* OnboardingView.swift in Sources */ = {isa = PBXBuildFile; fileRef = 8E9C8F3627F70FA100A313CB /* OnboardingView.swift */; };
		8E9C8F3927F70FDC00A313CB /* LogoView.swift in Sources */ = {isa = PBXBuildFile; fileRef = 8E9C8F3827F70FDC00A313CB /* LogoView.swift */; };
		8EBF468027F175170077150D /* pvCovidTrace_betaApp.swift in Sources */ = {isa = PBXBuildFile; fileRef = 8EBF467F27F175170077150D /* pvCovidTrace_betaApp.swift */; };
		8EBF468427F175180077150D /* Assets.xcassets in Resources */ = {isa = PBXBuildFile; fileRef = 8EBF468327F175180077150D /* Assets.xcassets */; };
		8EBF468727F175180077150D /* Preview Assets.xcassets in Resources */ = {isa = PBXBuildFile; fileRef = 8EBF468627F175180077150D /* Preview Assets.xcassets */; };
		8EBF469027F1753F0077150D /* CloudKit.framework in Frameworks */ = {isa = PBXBuildFile; fileRef = 8EBF468F27F1753F0077150D /* CloudKit.framework */; };
		8EBF469227F2DCF50077150D /* Color+Ext.swift in Sources */ = {isa = PBXBuildFile; fileRef = 8EBF469127F2DCF50077150D /* Color+Ext.swift */; };
		8EBF469427F2DD4F0077150D /* AppTabView.swift in Sources */ = {isa = PBXBuildFile; fileRef = 8EBF469327F2DD4F0077150D /* AppTabView.swift */; };
		8EBF469627F2DD8D0077150D /* LocationMapView.swift in Sources */ = {isa = PBXBuildFile; fileRef = 8EBF469527F2DD8D0077150D /* LocationMapView.swift */; };
		8EBF469827F2DF2F0077150D /* ProfileView.swift in Sources */ = {isa = PBXBuildFile; fileRef = 8EBF469727F2DF2F0077150D /* ProfileView.swift */; };
		8EBF469A27F2DF510077150D /* LocationListView.swift in Sources */ = {isa = PBXBuildFile; fileRef = 8EBF469927F2DF510077150D /* LocationListView.swift */; };
		8EBF469E27F2F5310077150D /* LocationDetailView.swift in Sources */ = {isa = PBXBuildFile; fileRef = 8EBF469D27F2F5310077150D /* LocationDetailView.swift */; };
		8EBF489C27F4607A003443BC /* PVLocations.swift in Sources */ = {isa = PBXBuildFile; fileRef = 8EBF489B27F4607A003443BC /* PVLocations.swift */; };
		8EBF489E27F460C4003443BC /* CKRecord+Ext.swift in Sources */ = {isa = PBXBuildFile; fileRef = 8EBF489D27F460C4003443BC /* CKRecord+Ext.swift */; };
		8EBF48A027F46227003443BC /* AlertItem.swift in Sources */ = {isa = PBXBuildFile; fileRef = 8EBF489F27F46227003443BC /* AlertItem.swift */; };
		8EBF48A327F464BB003443BC /* LocationMapViewModel.swift in Sources */ = {isa = PBXBuildFile; fileRef = 8EBF48A227F464BB003443BC /* LocationMapViewModel.swift */; };
		F1218CDA280DF4CD00036D1D /* HapticManager.swift in Sources */ = {isa = PBXBuildFile; fileRef = F1218CD9280DF4CD00036D1D /* HapticManager.swift */; };
		F155D29528047F0D0088C00E /* LocationListViewModel.swift in Sources */ = {isa = PBXBuildFile; fileRef = F155D29428047F0D0088C00E /* LocationListViewModel.swift */; };
		F155D298280485800088C00E /* Mapballon.swift in Sources */ = {isa = PBXBuildFile; fileRef = F155D297280485800088C00E /* Mapballon.swift */; };
		F155D29A280487B00088C00E /* PVAnnotation.swift in Sources */ = {isa = PBXBuildFile; fileRef = F155D299280487B00088C00E /* PVAnnotation.swift */; };
		F155D2A02805D4FD0088C00E /* AppTabViewModel.swift in Sources */ = {isa = PBXBuildFile; fileRef = F155D29F2805D4FD0088C00E /* AppTabViewModel.swift */; };
		F164007A2800F96D000193D6 /* PVNewsView.swift in Sources */ = {isa = PBXBuildFile; fileRef = F16400792800F96D000193D6 /* PVNewsView.swift */; };
		F164007C2800F980000193D6 /* News.swift in Sources */ = {isa = PBXBuildFile; fileRef = F164007B2800F980000193D6 /* News.swift */; };
		F164007F2800F9B2000193D6 /* NewsDetailView.swift in Sources */ = {isa = PBXBuildFile; fileRef = F164007E2800F9B2000193D6 /* NewsDetailView.swift */; };
		F181FFF82819B15500DCF041 /* covidAppLogo120.jpg in Resources */ = {isa = PBXBuildFile; fileRef = F181FFF72819B15500DCF041 /* covidAppLogo120.jpg */; };
		F181FFFA2819B15E00DCF041 /* covidAppLogo180.jpg in Resources */ = {isa = PBXBuildFile; fileRef = F181FFF92819B15D00DCF041 /* covidAppLogo180.jpg */; };
		F1BB637D27F7E23C00EC7253 /* XDismissButton.swift in Sources */ = {isa = PBXBuildFile; fileRef = F1BB637C27F7E23C00EC7253 /* XDismissButton.swift */; };
/* End PBXBuildFile section */

/* Begin PBXFileReference section */
		8E14E58327F39E3B00774ABE /* LocationCell.swift */ = {isa = PBXFileReference; lastKnownFileType = sourcecode.swift; path = LocationCell.swift; sourceTree = "<group>"; };
		8E14E58B27F3A00B00774ABE /* AvatarView.swift */ = {isa = PBXFileReference; fileEncoding = 4; lastKnownFileType = sourcecode.swift; path = AvatarView.swift; sourceTree = "<group>"; };
		8E14E58F27F3A0A000774ABE /* Custommodifiers.swift */ = {isa = PBXFileReference; lastKnownFileType = sourcecode.swift; path = Custommodifiers.swift; sourceTree = "<group>"; };
		8E14E59127F3A0D000774ABE /* View+Ext.swift */ = {isa = PBXFileReference; lastKnownFileType = sourcecode.swift; path = "View+Ext.swift"; sourceTree = "<group>"; };
		8E14E59627F43DA900774ABE /* SubmitButton.swift */ = {isa = PBXFileReference; lastKnownFileType = sourcecode.swift; path = SubmitButton.swift; sourceTree = "<group>"; };
		8E14E59D27F44A2600774ABE /* PVProfile.swift */ = {isa = PBXFileReference; lastKnownFileType = sourcecode.swift; path = PVProfile.swift; sourceTree = "<group>"; };
		8E14E59F27F44BDD00774ABE /* MockData.swift */ = {isa = PBXFileReference; lastKnownFileType = sourcecode.swift; path = MockData.swift; sourceTree = "<group>"; };
		8E14E5A227F450C800774ABE /* CloudKitManager.swift */ = {isa = PBXFileReference; lastKnownFileType = sourcecode.swift; path = CloudKitManager.swift; sourceTree = "<group>"; };
		8E14E5A427F4516C00774ABE /* Constants.swift */ = {isa = PBXFileReference; lastKnownFileType = sourcecode.swift; path = Constants.swift; sourceTree = "<group>"; };
		8E3982DE27FEC2B800F9897B /* ProfileViewModel.swift */ = {isa = PBXFileReference; lastKnownFileType = sourcecode.swift; path = ProfileViewModel.swift; sourceTree = "<group>"; };
		8E7035B928006E4F008BE966 /* LoadingView.swift */ = {isa = PBXFileReference; lastKnownFileType = sourcecode.swift; path = LoadingView.swift; sourceTree = "<group>"; };
		8E7035BF28009B31008BE966 /* LocationDetailViewModel.swift */ = {isa = PBXFileReference; lastKnownFileType = sourcecode.swift; path = LocationDetailViewModel.swift; sourceTree = "<group>"; };
		8E9C8F3227F6F14200A313CB /* LocationManager.swift */ = {isa = PBXFileReference; lastKnownFileType = sourcecode.swift; path = LocationManager.swift; sourceTree = "<group>"; };
		8E9C8F3427F6F93C00A313CB /* CKAsset+Ext.swift */ = {isa = PBXFileReference; lastKnownFileType = sourcecode.swift; path = "CKAsset+Ext.swift"; sourceTree = "<group>"; };
		8E9C8F3627F70FA100A313CB /* OnboardingView.swift */ = {isa = PBXFileReference; lastKnownFileType = sourcecode.swift; path = OnboardingView.swift; sourceTree = "<group>"; };
		8E9C8F3827F70FDC00A313CB /* LogoView.swift */ = {isa = PBXFileReference; lastKnownFileType = sourcecode.swift; path = LogoView.swift; sourceTree = "<group>"; };
		8EBF467C27F175170077150D /* pvCovidTrace-beta.app */ = {isa = PBXFileReference; explicitFileType = wrapper.application; includeInIndex = 0; path = "pvCovidTrace-beta.app"; sourceTree = BUILT_PRODUCTS_DIR; };
		8EBF467F27F175170077150D /* pvCovidTrace_betaApp.swift */ = {isa = PBXFileReference; lastKnownFileType = sourcecode.swift; path = pvCovidTrace_betaApp.swift; sourceTree = "<group>"; };
		8EBF468327F175180077150D /* Assets.xcassets */ = {isa = PBXFileReference; lastKnownFileType = folder.assetcatalog; path = Assets.xcassets; sourceTree = "<group>"; };
		8EBF468627F175180077150D /* Preview Assets.xcassets */ = {isa = PBXFileReference; lastKnownFileType = folder.assetcatalog; path = "Preview Assets.xcassets"; sourceTree = "<group>"; };
		8EBF468D27F175370077150D /* pvCovidTrace-beta.entitlements */ = {isa = PBXFileReference; lastKnownFileType = text.plist.entitlements; path = "pvCovidTrace-beta.entitlements"; sourceTree = "<group>"; };
		8EBF468F27F1753F0077150D /* CloudKit.framework */ = {isa = PBXFileReference; lastKnownFileType = wrapper.framework; name = CloudKit.framework; path = System/Library/Frameworks/CloudKit.framework; sourceTree = SDKROOT; };
		8EBF469127F2DCF50077150D /* Color+Ext.swift */ = {isa = PBXFileReference; lastKnownFileType = sourcecode.swift; path = "Color+Ext.swift"; sourceTree = "<group>"; };
		8EBF469327F2DD4F0077150D /* AppTabView.swift */ = {isa = PBXFileReference; lastKnownFileType = sourcecode.swift; path = AppTabView.swift; sourceTree = "<group>"; };
		8EBF469527F2DD8D0077150D /* LocationMapView.swift */ = {isa = PBXFileReference; lastKnownFileType = sourcecode.swift; path = LocationMapView.swift; sourceTree = "<group>"; };
		8EBF469727F2DF2F0077150D /* ProfileView.swift */ = {isa = PBXFileReference; lastKnownFileType = sourcecode.swift; path = ProfileView.swift; sourceTree = "<group>"; };
		8EBF469927F2DF510077150D /* LocationListView.swift */ = {isa = PBXFileReference; lastKnownFileType = sourcecode.swift; path = LocationListView.swift; sourceTree = "<group>"; };
		8EBF469D27F2F5310077150D /* LocationDetailView.swift */ = {isa = PBXFileReference; lastKnownFileType = sourcecode.swift; path = LocationDetailView.swift; sourceTree = "<group>"; };
		8EBF489B27F4607A003443BC /* PVLocations.swift */ = {isa = PBXFileReference; lastKnownFileType = sourcecode.swift; path = PVLocations.swift; sourceTree = "<group>"; };
		8EBF489D27F460C4003443BC /* CKRecord+Ext.swift */ = {isa = PBXFileReference; lastKnownFileType = sourcecode.swift; path = "CKRecord+Ext.swift"; sourceTree = "<group>"; };
		8EBF489F27F46227003443BC /* AlertItem.swift */ = {isa = PBXFileReference; lastKnownFileType = sourcecode.swift; path = AlertItem.swift; sourceTree = "<group>"; };
		8EBF48A227F464BB003443BC /* LocationMapViewModel.swift */ = {isa = PBXFileReference; lastKnownFileType = sourcecode.swift; path = LocationMapViewModel.swift; sourceTree = "<group>"; };
		F1218CD9280DF4CD00036D1D /* HapticManager.swift */ = {isa = PBXFileReference; lastKnownFileType = sourcecode.swift; path = HapticManager.swift; sourceTree = "<group>"; };
		F155D29428047F0D0088C00E /* LocationListViewModel.swift */ = {isa = PBXFileReference; lastKnownFileType = sourcecode.swift; path = LocationListViewModel.swift; sourceTree = "<group>"; };
		F155D297280485800088C00E /* Mapballon.swift */ = {isa = PBXFileReference; lastKnownFileType = sourcecode.swift; path = Mapballon.swift; sourceTree = "<group>"; };
		F155D299280487B00088C00E /* PVAnnotation.swift */ = {isa = PBXFileReference; lastKnownFileType = sourcecode.swift; path = PVAnnotation.swift; sourceTree = "<group>"; };
		F155D29E2804D0380088C00E /* Info.plist */ = {isa = PBXFileReference; lastKnownFileType = text.plist; path = Info.plist; sourceTree = "<group>"; };
		F155D29F2805D4FD0088C00E /* AppTabViewModel.swift */ = {isa = PBXFileReference; lastKnownFileType = sourcecode.swift; path = AppTabViewModel.swift; sourceTree = "<group>"; };
		F16400792800F96D000193D6 /* PVNewsView.swift */ = {isa = PBXFileReference; lastKnownFileType = sourcecode.swift; path = PVNewsView.swift; sourceTree = "<group>"; };
		F164007B2800F980000193D6 /* News.swift */ = {isa = PBXFileReference; lastKnownFileType = sourcecode.swift; path = News.swift; sourceTree = "<group>"; };
		F164007E2800F9B2000193D6 /* NewsDetailView.swift */ = {isa = PBXFileReference; lastKnownFileType = sourcecode.swift; path = NewsDetailView.swift; sourceTree = "<group>"; };
		F181FFF72819B15500DCF041 /* covidAppLogo120.jpg */ = {isa = PBXFileReference; lastKnownFileType = image.jpeg; path = covidAppLogo120.jpg; sourceTree = "<group>"; };
		F181FFF92819B15D00DCF041 /* covidAppLogo180.jpg */ = {isa = PBXFileReference; lastKnownFileType = image.jpeg; path = covidAppLogo180.jpg; sourceTree = "<group>"; };
		F1BB637C27F7E23C00EC7253 /* XDismissButton.swift */ = {isa = PBXFileReference; lastKnownFileType = sourcecode.swift; path = XDismissButton.swift; sourceTree = "<group>"; };
/* End PBXFileReference section */

/* Begin PBXFrameworksBuildPhase section */
		8EBF467927F175170077150D /* Frameworks */ = {
			isa = PBXFrameworksBuildPhase;
			buildActionMask = 2147483647;
			files = (
				8EBF469027F1753F0077150D /* CloudKit.framework in Frameworks */,
			);
			runOnlyForDeploymentPostprocessing = 0;
		};
/* End PBXFrameworksBuildPhase section */

/* Begin PBXGroup section */
		8E14E58D27F3A06200774ABE /* Extensions */ = {
			isa = PBXGroup;
			children = (
				8EBF469127F2DCF50077150D /* Color+Ext.swift */,
				8E14E59127F3A0D000774ABE /* View+Ext.swift */,
				8EBF489D27F460C4003443BC /* CKRecord+Ext.swift */,
				8E9C8F3427F6F93C00A313CB /* CKAsset+Ext.swift */,
			);
			path = Extensions;
			sourceTree = "<group>";
		};
		8E14E58E27F3A07C00774ABE /* Views */ = {
			isa = PBXGroup;
			children = (
				8E14E59927F442F200774ABE /* Screens */,
				8E14E59327F3A12300774ABE /* CustomViews */,
				8E14E59827F442D700774ABE /* Cells */,
			);
			path = Views;
			sourceTree = "<group>";
		};
		8E14E59327F3A12300774ABE /* CustomViews */ = {
			isa = PBXGroup;
			children = (
				F155D2962804853D0088C00E /* Map Annotation  */,
				F1BB637B27F7E1FB00EC7253 /* Buttons */,
				8E14E58F27F3A0A000774ABE /* Custommodifiers.swift */,
				8E14E58B27F3A00B00774ABE /* AvatarView.swift */,
				8E9C8F3827F70FDC00A313CB /* LogoView.swift */,
				8E7035B928006E4F008BE966 /* LoadingView.swift */,
			);
			path = CustomViews;
			sourceTree = "<group>";
		};
		8E14E59827F442D700774ABE /* Cells */ = {
			isa = PBXGroup;
			children = (
				8E14E58327F39E3B00774ABE /* LocationCell.swift */,
			);
			path = Cells;
			sourceTree = "<group>";
		};
		8E14E59927F442F200774ABE /* Screens */ = {
			isa = PBXGroup;
			children = (
				F155D29B28048EF60088C00E /* AppTabView */,
				F155D29328047EBB0088C00E /* LocationListView */,
				8E7035BE28009B12008BE966 /* LocationDetaiView */,
				F164007D2800F985000193D6 /* NewsFeed */,
				8E3982DD27FEC29800F9897B /* ProfileView */,
				8EBF48A127F464A7003443BC /* LocationMapView */,
				8E9C8F3627F70FA100A313CB /* OnboardingView.swift */,
			);
			path = Screens;
			sourceTree = "<group>";
		};
		8E14E59A27F4436A00774ABE /* Models */ = {
			isa = PBXGroup;
			children = (
				8E14E59D27F44A2600774ABE /* PVProfile.swift */,
				8E14E59F27F44BDD00774ABE /* MockData.swift */,
				8EBF489B27F4607A003443BC /* PVLocations.swift */,
			);
			path = Models;
			sourceTree = "<group>";
		};
		8E14E5A127F450B200774ABE /* Utilities */ = {
			isa = PBXGroup;
			children = (
				8E9C8F3127F6F11700A313CB /* Mangers */,
				8E14E58D27F3A06200774ABE /* Extensions */,
				8EBF489F27F46227003443BC /* AlertItem.swift */,
				8E14E5A427F4516C00774ABE /* Constants.swift */,
			);
			path = Utilities;
			sourceTree = "<group>";
		};
		8E3982DD27FEC29800F9897B /* ProfileView */ = {
			isa = PBXGroup;
			children = (
				8EBF469727F2DF2F0077150D /* ProfileView.swift */,
				8E3982DE27FEC2B800F9897B /* ProfileViewModel.swift */,
			);
			path = ProfileView;
			sourceTree = "<group>";
		};
		8E7035BE28009B12008BE966 /* LocationDetaiView */ = {
			isa = PBXGroup;
			children = (
				8EBF469D27F2F5310077150D /* LocationDetailView.swift */,
				8E7035BF28009B31008BE966 /* LocationDetailViewModel.swift */,
			);
			path = LocationDetaiView;
			sourceTree = "<group>";
		};
		8E9C8F3127F6F11700A313CB /* Mangers */ = {
			isa = PBXGroup;
			children = (
				8E14E5A227F450C800774ABE /* CloudKitManager.swift */,
				8E9C8F3227F6F14200A313CB /* LocationManager.swift */,
				F1218CD9280DF4CD00036D1D /* HapticManager.swift */,
			);
			path = Mangers;
			sourceTree = "<group>";
		};
		8EBF467327F175170077150D = {
			isa = PBXGroup;
			children = (
				8EBF467E27F175170077150D /* pvCovidTrace-beta */,
				8EBF467D27F175170077150D /* Products */,
				8EBF468E27F1753F0077150D /* Frameworks */,
			);
			sourceTree = "<group>";
		};
		8EBF467D27F175170077150D /* Products */ = {
			isa = PBXGroup;
			children = (
				8EBF467C27F175170077150D /* pvCovidTrace-beta.app */,
			);
			name = Products;
			sourceTree = "<group>";
		};
		8EBF467E27F175170077150D /* pvCovidTrace-beta */ = {
			isa = PBXGroup;
			children = (
				F155D29E2804D0380088C00E /* Info.plist */,
				8E14E59A27F4436A00774ABE /* Models */,
				8E14E5A127F450B200774ABE /* Utilities */,
				8E14E58E27F3A07C00774ABE /* Views */,
				8EBF468D27F175370077150D /* pvCovidTrace-beta.entitlements */,
				8EBF467F27F175170077150D /* pvCovidTrace_betaApp.swift */,
				8EBF468327F175180077150D /* Assets.xcassets */,
				F181FFF72819B15500DCF041 /* covidAppLogo120.jpg */,
				F181FFF92819B15D00DCF041 /* covidAppLogo180.jpg */,
				8EBF468527F175180077150D /* Preview Content */,
			);
			path = "pvCovidTrace-beta";
			sourceTree = "<group>";
		};
		8EBF468527F175180077150D /* Preview Content */ = {
			isa = PBXGroup;
			children = (
				8EBF468627F175180077150D /* Preview Assets.xcassets */,
			);
			path = "Preview Content";
			sourceTree = "<group>";
		};
		8EBF468E27F1753F0077150D /* Frameworks */ = {
			isa = PBXGroup;
			children = (
				8EBF468F27F1753F0077150D /* CloudKit.framework */,
			);
			name = Frameworks;
			sourceTree = "<group>";
		};
		8EBF48A127F464A7003443BC /* LocationMapView */ = {
			isa = PBXGroup;
			children = (
				8EBF469527F2DD8D0077150D /* LocationMapView.swift */,
				8EBF48A227F464BB003443BC /* LocationMapViewModel.swift */,
			);
			path = LocationMapView;
			sourceTree = "<group>";
		};
		F155D29328047EBB0088C00E /* LocationListView */ = {
			isa = PBXGroup;
			children = (
				F155D29428047F0D0088C00E /* LocationListViewModel.swift */,
				8EBF469927F2DF510077150D /* LocationListView.swift */,
			);
			path = LocationListView;
			sourceTree = "<group>";
		};
		F155D2962804853D0088C00E /* Map Annotation  */ = {
			isa = PBXGroup;
			children = (
				F155D297280485800088C00E /* Mapballon.swift */,
				F155D299280487B00088C00E /* PVAnnotation.swift */,
			);
			path = "Map Annotation ";
			sourceTree = "<group>";
		};
		F155D29B28048EF60088C00E /* AppTabView */ = {
			isa = PBXGroup;
			children = (
				8EBF469327F2DD4F0077150D /* AppTabView.swift */,
				F155D29F2805D4FD0088C00E /* AppTabViewModel.swift */,
			);
			path = AppTabView;
			sourceTree = "<group>";
		};
		F164007D2800F985000193D6 /* NewsFeed */ = {
			isa = PBXGroup;
			children = (
				F16400792800F96D000193D6 /* PVNewsView.swift */,
				F164007B2800F980000193D6 /* News.swift */,
				F164007E2800F9B2000193D6 /* NewsDetailView.swift */,
			);
			path = NewsFeed;
			sourceTree = "<group>";
		};
		F1BB637B27F7E1FB00EC7253 /* Buttons */ = {
			isa = PBXGroup;
			children = (
				8E14E59627F43DA900774ABE /* SubmitButton.swift */,
				F1BB637C27F7E23C00EC7253 /* XDismissButton.swift */,
			);
			path = Buttons;
			sourceTree = "<group>";
		};
/* End PBXGroup section */

/* Begin PBXNativeTarget section */
		8EBF467B27F175170077150D /* pvCovidTrace-beta */ = {
			isa = PBXNativeTarget;
			buildConfigurationList = 8EBF468A27F175180077150D /* Build configuration list for PBXNativeTarget "pvCovidTrace-beta" */;
			buildPhases = (
				8EBF467827F175170077150D /* Sources */,
				8EBF467927F175170077150D /* Frameworks */,
				8EBF467A27F175170077150D /* Resources */,
			);
			buildRules = (
			);
			dependencies = (
			);
			name = "pvCovidTrace-beta";
			productName = "pvCovidTrace-beta";
			productReference = 8EBF467C27F175170077150D /* pvCovidTrace-beta.app */;
			productType = "com.apple.product-type.application";
		};
/* End PBXNativeTarget section */

/* Begin PBXProject section */
		8EBF467427F175170077150D /* Project object */ = {
			isa = PBXProject;
			attributes = {
				BuildIndependentTargetsInParallel = 1;
				LastSwiftUpdateCheck = 1330;
				LastUpgradeCheck = 1330;
				TargetAttributes = {
					8EBF467B27F175170077150D = {
						CreatedOnToolsVersion = 13.3;
					};
				};
			};
			buildConfigurationList = 8EBF467727F175170077150D /* Build configuration list for PBXProject "pvCovidTrace-beta" */;
			compatibilityVersion = "Xcode 13.0";
			developmentRegion = en;
			hasScannedForEncodings = 0;
			knownRegions = (
				en,
				Base,
			);
			mainGroup = 8EBF467327F175170077150D;
			productRefGroup = 8EBF467D27F175170077150D /* Products */;
			projectDirPath = "";
			projectRoot = "";
			targets = (
				8EBF467B27F175170077150D /* pvCovidTrace-beta */,
			);
		};
/* End PBXProject section */

/* Begin PBXResourcesBuildPhase section */
		8EBF467A27F175170077150D /* Resources */ = {
			isa = PBXResourcesBuildPhase;
			buildActionMask = 2147483647;
			files = (
				8EBF468727F175180077150D /* Preview Assets.xcassets in Resources */,
				F181FFF82819B15500DCF041 /* covidAppLogo120.jpg in Resources */,
				F181FFFA2819B15E00DCF041 /* covidAppLogo180.jpg in Resources */,
				8EBF468427F175180077150D /* Assets.xcassets in Resources */,
			);
			runOnlyForDeploymentPostprocessing = 0;
		};
/* End PBXResourcesBuildPhase section */

/* Begin PBXSourcesBuildPhase section */
		8EBF467827F175170077150D /* Sources */ = {
			isa = PBXSourcesBuildPhase;
			buildActionMask = 2147483647;
			files = (
				F1BB637D27F7E23C00EC7253 /* XDismissButton.swift in Sources */,
				8E14E59E27F44A2600774ABE /* PVProfile.swift in Sources */,
				8E3982DF27FEC2B800F9897B /* ProfileViewModel.swift in Sources */,
				8EBF469E27F2F5310077150D /* LocationDetailView.swift in Sources */,
				8E7035BA28006E4F008BE966 /* LoadingView.swift in Sources */,
				8EBF468027F175170077150D /* pvCovidTrace_betaApp.swift in Sources */,
				F155D29A280487B00088C00E /* PVAnnotation.swift in Sources */,
				8E14E5A327F450C800774ABE /* CloudKitManager.swift in Sources */,
				8E14E58C27F3A00B00774ABE /* AvatarView.swift in Sources */,
				8EBF469627F2DD8D0077150D /* LocationMapView.swift in Sources */,
				F164007C2800F980000193D6 /* News.swift in Sources */,
				F155D2A02805D4FD0088C00E /* AppTabViewModel.swift in Sources */,
				8EBF48A327F464BB003443BC /* LocationMapViewModel.swift in Sources */,
				F164007A2800F96D000193D6 /* PVNewsView.swift in Sources */,
				F1218CDA280DF4CD00036D1D /* HapticManager.swift in Sources */,
				8E14E59027F3A0A000774ABE /* Custommodifiers.swift in Sources */,
				8EBF469427F2DD4F0077150D /* AppTabView.swift in Sources */,
				F155D298280485800088C00E /* Mapballon.swift in Sources */,
				8EBF469A27F2DF510077150D /* LocationListView.swift in Sources */,
				8EBF489C27F4607A003443BC /* PVLocations.swift in Sources */,
				8E14E59727F43DA900774ABE /* SubmitButton.swift in Sources */,
				8E14E59227F3A0D000774ABE /* View+Ext.swift in Sources */,
				8E9C8F3327F6F14200A313CB /* LocationManager.swift in Sources */,
				8EBF48A027F46227003443BC /* AlertItem.swift in Sources */,
				8E14E58427F39E3B00774ABE /* LocationCell.swift in Sources */,
				8E14E5A027F44BDD00774ABE /* MockData.swift in Sources */,
				8EBF469827F2DF2F0077150D /* ProfileView.swift in Sources */,
				F155D29528047F0D0088C00E /* LocationListViewModel.swift in Sources */,
				8EBF469227F2DCF50077150D /* Color+Ext.swift in Sources */,
				8E9C8F3927F70FDC00A313CB /* LogoView.swift in Sources */,
				F164007F2800F9B2000193D6 /* NewsDetailView.swift in Sources */,
				8E14E5A527F4516C00774ABE /* Constants.swift in Sources */,
				8E9C8F3727F70FA100A313CB /* OnboardingView.swift in Sources */,
				8EBF489E27F460C4003443BC /* CKRecord+Ext.swift in Sources */,
				8E9C8F3527F6F93C00A313CB /* CKAsset+Ext.swift in Sources */,
				8E7035C028009B31008BE966 /* LocationDetailViewModel.swift in Sources */,
			);
			runOnlyForDeploymentPostprocessing = 0;
		};
/* End PBXSourcesBuildPhase section */

/* Begin XCBuildConfiguration section */
		8EBF468827F175180077150D /* Debug */ = {
			isa = XCBuildConfiguration;
			buildSettings = {
				ALWAYS_SEARCH_USER_PATHS = NO;
				CLANG_ANALYZER_NONNULL = YES;
				CLANG_ANALYZER_NUMBER_OBJECT_CONVERSION = YES_AGGRESSIVE;
				CLANG_CXX_LANGUAGE_STANDARD = "gnu++17";
				CLANG_ENABLE_MODULES = YES;
				CLANG_ENABLE_OBJC_ARC = YES;
				CLANG_ENABLE_OBJC_WEAK = YES;
				CLANG_WARN_BLOCK_CAPTURE_AUTORELEASING = YES;
				CLANG_WARN_BOOL_CONVERSION = YES;
				CLANG_WARN_COMMA = YES;
				CLANG_WARN_CONSTANT_CONVERSION = YES;
				CLANG_WARN_DEPRECATED_OBJC_IMPLEMENTATIONS = YES;
				CLANG_WARN_DIRECT_OBJC_ISA_USAGE = YES_ERROR;
				CLANG_WARN_DOCUMENTATION_COMMENTS = YES;
				CLANG_WARN_EMPTY_BODY = YES;
				CLANG_WARN_ENUM_CONVERSION = YES;
				CLANG_WARN_INFINITE_RECURSION = YES;
				CLANG_WARN_INT_CONVERSION = YES;
				CLANG_WARN_NON_LITERAL_NULL_CONVERSION = YES;
				CLANG_WARN_OBJC_IMPLICIT_RETAIN_SELF = YES;
				CLANG_WARN_OBJC_LITERAL_CONVERSION = YES;
				CLANG_WARN_OBJC_ROOT_CLASS = YES_ERROR;
				CLANG_WARN_QUOTED_INCLUDE_IN_FRAMEWORK_HEADER = YES;
				CLANG_WARN_RANGE_LOOP_ANALYSIS = YES;
				CLANG_WARN_STRICT_PROTOTYPES = YES;
				CLANG_WARN_SUSPICIOUS_MOVE = YES;
				CLANG_WARN_UNGUARDED_AVAILABILITY = YES_AGGRESSIVE;
				CLANG_WARN_UNREACHABLE_CODE = YES;
				CLANG_WARN__DUPLICATE_METHOD_MATCH = YES;
				COPY_PHASE_STRIP = NO;
				DEBUG_INFORMATION_FORMAT = dwarf;
				ENABLE_STRICT_OBJC_MSGSEND = YES;
				ENABLE_TESTABILITY = YES;
				GCC_C_LANGUAGE_STANDARD = gnu11;
				GCC_DYNAMIC_NO_PIC = NO;
				GCC_NO_COMMON_BLOCKS = YES;
				GCC_OPTIMIZATION_LEVEL = 0;
				GCC_PREPROCESSOR_DEFINITIONS = (
					"DEBUG=1",
					"$(inherited)",
				);
				GCC_WARN_64_TO_32_BIT_CONVERSION = YES;
				GCC_WARN_ABOUT_RETURN_TYPE = YES_ERROR;
				GCC_WARN_UNDECLARED_SELECTOR = YES;
				GCC_WARN_UNINITIALIZED_AUTOS = YES_AGGRESSIVE;
				GCC_WARN_UNUSED_FUNCTION = YES;
				GCC_WARN_UNUSED_VARIABLE = YES;
				IPHONEOS_DEPLOYMENT_TARGET = 15.4;
				MTL_ENABLE_DEBUG_INFO = INCLUDE_SOURCE;
				MTL_FAST_MATH = YES;
				ONLY_ACTIVE_ARCH = YES;
				SDKROOT = iphoneos;
				SWIFT_ACTIVE_COMPILATION_CONDITIONS = DEBUG;
				SWIFT_OPTIMIZATION_LEVEL = "-Onone";
			};
			name = Debug;
		};
		8EBF468927F175180077150D /* Release */ = {
			isa = XCBuildConfiguration;
			buildSettings = {
				ALWAYS_SEARCH_USER_PATHS = NO;
				CLANG_ANALYZER_NONNULL = YES;
				CLANG_ANALYZER_NUMBER_OBJECT_CONVERSION = YES_AGGRESSIVE;
				CLANG_CXX_LANGUAGE_STANDARD = "gnu++17";
				CLANG_ENABLE_MODULES = YES;
				CLANG_ENABLE_OBJC_ARC = YES;
				CLANG_ENABLE_OBJC_WEAK = YES;
				CLANG_WARN_BLOCK_CAPTURE_AUTORELEASING = YES;
				CLANG_WARN_BOOL_CONVERSION = YES;
				CLANG_WARN_COMMA = YES;
				CLANG_WARN_CONSTANT_CONVERSION = YES;
				CLANG_WARN_DEPRECATED_OBJC_IMPLEMENTATIONS = YES;
				CLANG_WARN_DIRECT_OBJC_ISA_USAGE = YES_ERROR;
				CLANG_WARN_DOCUMENTATION_COMMENTS = YES;
				CLANG_WARN_EMPTY_BODY = YES;
				CLANG_WARN_ENUM_CONVERSION = YES;
				CLANG_WARN_INFINITE_RECURSION = YES;
				CLANG_WARN_INT_CONVERSION = YES;
				CLANG_WARN_NON_LITERAL_NULL_CONVERSION = YES;
				CLANG_WARN_OBJC_IMPLICIT_RETAIN_SELF = YES;
				CLANG_WARN_OBJC_LITERAL_CONVERSION = YES;
				CLANG_WARN_OBJC_ROOT_CLASS = YES_ERROR;
				CLANG_WARN_QUOTED_INCLUDE_IN_FRAMEWORK_HEADER = YES;
				CLANG_WARN_RANGE_LOOP_ANALYSIS = YES;
				CLANG_WARN_STRICT_PROTOTYPES = YES;
				CLANG_WARN_SUSPICIOUS_MOVE = YES;
				CLANG_WARN_UNGUARDED_AVAILABILITY = YES_AGGRESSIVE;
				CLANG_WARN_UNREACHABLE_CODE = YES;
				CLANG_WARN__DUPLICATE_METHOD_MATCH = YES;
				COPY_PHASE_STRIP = NO;
				DEBUG_INFORMATION_FORMAT = "dwarf-with-dsym";
				ENABLE_NS_ASSERTIONS = NO;
				ENABLE_STRICT_OBJC_MSGSEND = YES;
				GCC_C_LANGUAGE_STANDARD = gnu11;
				GCC_NO_COMMON_BLOCKS = YES;
				GCC_WARN_64_TO_32_BIT_CONVERSION = YES;
				GCC_WARN_ABOUT_RETURN_TYPE = YES_ERROR;
				GCC_WARN_UNDECLARED_SELECTOR = YES;
				GCC_WARN_UNINITIALIZED_AUTOS = YES_AGGRESSIVE;
				GCC_WARN_UNUSED_FUNCTION = YES;
				GCC_WARN_UNUSED_VARIABLE = YES;
				IPHONEOS_DEPLOYMENT_TARGET = 15.4;
				MTL_ENABLE_DEBUG_INFO = NO;
				MTL_FAST_MATH = YES;
				SDKROOT = iphoneos;
				SWIFT_COMPILATION_MODE = wholemodule;
				SWIFT_OPTIMIZATION_LEVEL = "-O";
				VALIDATE_PRODUCT = YES;
			};
			name = Release;
		};
		8EBF468B27F175180077150D /* Debug */ = {
			isa = XCBuildConfiguration;
			buildSettings = {
				ASSETCATALOG_COMPILER_APPICON_NAME = AppIcon;
				ASSETCATALOG_COMPILER_GLOBAL_ACCENT_COLOR_NAME = AccentColor;
				CODE_SIGN_ENTITLEMENTS = "pvCovidTrace-beta/pvCovidTrace-beta.entitlements";
				CODE_SIGN_STYLE = Automatic;
				CURRENT_PROJECT_VERSION = 1;
				DEVELOPMENT_ASSET_PATHS = "\"pvCovidTrace-beta/Preview Content\"";
				DEVELOPMENT_TEAM = 8C93KVSWF7;
				ENABLE_PREVIEWS = YES;
				GENERATE_INFOPLIST_FILE = YES;
				INFOPLIST_FILE = "pvCovidTrace-beta/Info.plist";
				INFOPLIST_KEY_NSLocationWhenInUseUsageDescription = "PVCovidTrace uses your location to show where you have been based on checkin status";
				INFOPLIST_KEY_UIApplicationSceneManifest_Generation = YES;
				INFOPLIST_KEY_UIApplicationSupportsIndirectInputEvents = YES;
				INFOPLIST_KEY_UISupportedInterfaceOrientations = UIInterfaceOrientationPortrait;
				INFOPLIST_KEY_UISupportedInterfaceOrientations_iPad = "UIInterfaceOrientationPortrait UIInterfaceOrientationPortraitUpsideDown UIInterfaceOrientationLandscapeLeft UIInterfaceOrientationLandscapeRight";
				INFOPLIST_KEY_UISupportedInterfaceOrientations_iPhone = "UIInterfaceOrientationPortrait UIInterfaceOrientationLandscapeLeft UIInterfaceOrientationLandscapeRight";
				IPHONEOS_DEPLOYMENT_TARGET = 15.0;
				LD_RUNPATH_SEARCH_PATHS = (
					"$(inherited)",
					"@executable_path/Frameworks",
				);
				MARKETING_VERSION = 1.0;
				PRODUCT_BUNDLE_IDENTIFIER = "com.jess.pvCovidTrace-beta";
				PRODUCT_NAME = "$(TARGET_NAME)";
				SWIFT_EMIT_LOC_STRINGS = YES;
				SWIFT_VERSION = 5.0;
				TARGETED_DEVICE_FAMILY = "1,2";
			};
			name = Debug;
		};
		8EBF468C27F175180077150D /* Release */ = {
			isa = XCBuildConfiguration;
			buildSettings = {
				ASSETCATALOG_COMPILER_APPICON_NAME = AppIcon;
				ASSETCATALOG_COMPILER_GLOBAL_ACCENT_COLOR_NAME = AccentColor;
				CODE_SIGN_ENTITLEMENTS = "pvCovidTrace-beta/pvCovidTrace-beta.entitlements";
				CODE_SIGN_STYLE = Automatic;
				CURRENT_PROJECT_VERSION = 1;
				DEVELOPMENT_ASSET_PATHS = "\"pvCovidTrace-beta/Preview Content\"";
				DEVELOPMENT_TEAM = 8C93KVSWF7;
				ENABLE_PREVIEWS = YES;
				GENERATE_INFOPLIST_FILE = YES;
				INFOPLIST_FILE = "pvCovidTrace-beta/Info.plist";
				INFOPLIST_KEY_NSLocationWhenInUseUsageDescription = "PVCovidTrace uses your location to show where you have been based on checkin status";
				INFOPLIST_KEY_UIApplicationSceneManifest_Generation = YES;
				INFOPLIST_KEY_UIApplicationSupportsIndirectInputEvents = YES;
				INFOPLIST_KEY_UISupportedInterfaceOrientations = UIInterfaceOrientationPortrait;
				INFOPLIST_KEY_UISupportedInterfaceOrientations_iPad = "UIInterfaceOrientationPortrait UIInterfaceOrientationPortraitUpsideDown UIInterfaceOrientationLandscapeLeft UIInterfaceOrientationLandscapeRight";
				INFOPLIST_KEY_UISupportedInterfaceOrientations_iPhone = "UIInterfaceOrientationPortrait UIInterfaceOrientationLandscapeLeft UIInterfaceOrientationLandscapeRight";
				IPHONEOS_DEPLOYMENT_TARGET = 15.0;
				LD_RUNPATH_SEARCH_PATHS = (
					"$(inherited)",
					"@executable_path/Frameworks",
				);
				MARKETING_VERSION = 1.0;
				PRODUCT_BUNDLE_IDENTIFIER = "com.jess.pvCovidTrace-beta";
				PRODUCT_NAME = "$(TARGET_NAME)";
				SWIFT_EMIT_LOC_STRINGS = YES;
				SWIFT_VERSION = 5.0;
				TARGETED_DEVICE_FAMILY = "1,2";
			};
			name = Release;
		};
/* End XCBuildConfiguration section */

/* Begin XCConfigurationList section */
		8EBF467727F175170077150D /* Build configuration list for PBXProject "pvCovidTrace-beta" */ = {
			isa = XCConfigurationList;
			buildConfigurations = (
				8EBF468827F175180077150D /* Debug */,
				8EBF468927F175180077150D /* Release */,
			);
			defaultConfigurationIsVisible = 0;
			defaultConfigurationName = Release;
		};
		8EBF468A27F175180077150D /* Build configuration list for PBXNativeTarget "pvCovidTrace-beta" */ = {
			isa = XCConfigurationList;
			buildConfigurations = (
				8EBF468B27F175180077150D /* Debug */,
				8EBF468C27F175180077150D /* Release */,
			);
			defaultConfigurationIsVisible = 0;
			defaultConfigurationName = Release;
		};
/* End XCConfigurationList section */
	};
	rootObject = 8EBF467427F175170077150D /* Project object */;
}
